// !$*UTF8*$!
{
	archiveVersion = 1;
	classes = {
	};
	objectVersion = 50;
	objects = {

/* Begin PBXBuildFile section */
		8F370F5C212FE8E300A18D08 /* AppDelegate.swift in Sources */ = {isa = PBXBuildFile; fileRef = 8F370F5B212FE8E300A18D08 /* AppDelegate.swift */; };
		8F370F5E212FE8E300A18D08 /* MainPageViewController.swift in Sources */ = {isa = PBXBuildFile; fileRef = 8F370F5D212FE8E300A18D08 /* MainPageViewController.swift */; };
		8F370F61212FE8E300A18D08 /* Main.storyboard in Resources */ = {isa = PBXBuildFile; fileRef = 8F370F5F212FE8E300A18D08 /* Main.storyboard */; };
		8F370F66212FE8E400A18D08 /* LaunchScreen.storyboard in Resources */ = {isa = PBXBuildFile; fileRef = 8F370F64212FE8E400A18D08 /* LaunchScreen.storyboard */; };
		8F370F70212FF4F600A18D08 /* Images.xcassets in Resources */ = {isa = PBXBuildFile; fileRef = 8F370F6F212FF4F600A18D08 /* Images.xcassets */; };
		8F370F74213010D100A18D08 /* CataloguePageViewController.swift in Sources */ = {isa = PBXBuildFile; fileRef = 8F370F73213010D100A18D08 /* CataloguePageViewController.swift */; };
		8F370F76213010E300A18D08 /* MakeUpPageViewController.swift in Sources */ = {isa = PBXBuildFile; fileRef = 8F370F75213010E300A18D08 /* MakeUpPageViewController.swift */; };
		8F370F782130112500A18D08 /* DesignPageViewController.swift in Sources */ = {isa = PBXBuildFile; fileRef = 8F370F772130112500A18D08 /* DesignPageViewController.swift */; };
		8F370F7A2130122100A18D08 /* DesignScene.scn in Resources */ = {isa = PBXBuildFile; fileRef = 8F370F792130122100A18D08 /* DesignScene.scn */; };
		8F370F7C2130177E00A18D08 /* MBPScene.sks in Resources */ = {isa = PBXBuildFile; fileRef = 8F370F7B2130177E00A18D08 /* MBPScene.sks */; };
		8F370F8021301F2D00A18D08 /* PanelScene.sks in Resources */ = {isa = PBXBuildFile; fileRef = 8F370F7F21301F2D00A18D08 /* PanelScene.sks */; };
		8F61E5F42133F18400B9AC55 /* GameScene.sks in Resources */ = {isa = PBXBuildFile; fileRef = 8F61E5F32133F18400B9AC55 /* GameScene.sks */; };
		8FC6BE762135430E00014E71 /* GameScene.swift in Sources */ = {isa = PBXBuildFile; fileRef = 8FC6BE752135430E00014E71 /* GameScene.swift */; };
/* End PBXBuildFile section */

/* Begin PBXContainerItemProxy section */
		8FEA3EB8214BA2000081A1D5 /* PBXContainerItemProxy */ = {
			isa = PBXContainerItemProxy;
			containerPortal = 8FEA3EB2214BA1FF0081A1D5 /* MPBtestAR.xcodeproj */;
			proxyType = 2;
			remoteGlobalIDString = 8FEA3E7F214BA1FE0081A1D5;
			remoteInfo = MPBtestAR;
		};
		8FEA3EBA214BA2000081A1D5 /* PBXContainerItemProxy */ = {
			isa = PBXContainerItemProxy;
			containerPortal = 8FEA3EB2214BA1FF0081A1D5 /* MPBtestAR.xcodeproj */;
			proxyType = 2;
			remoteGlobalIDString = 8FEA3E95214BA1FF0081A1D5;
			remoteInfo = MPBtestARTests;
		};
		8FEA3EBC214BA2000081A1D5 /* PBXContainerItemProxy */ = {
			isa = PBXContainerItemProxy;
			containerPortal = 8FEA3EB2214BA1FF0081A1D5 /* MPBtestAR.xcodeproj */;
			proxyType = 2;
			remoteGlobalIDString = 8FEA3EA0214BA1FF0081A1D5;
			remoteInfo = MPBtestARUITests;
		};
/* End PBXContainerItemProxy section */

/* Begin PBXFileReference section */
		8F370F58212FE8E300A18D08 /* testMPB.app */ = {isa = PBXFileReference; explicitFileType = wrapper.application; includeInIndex = 0; path = testMPB.app; sourceTree = BUILT_PRODUCTS_DIR; };
		8F370F5B212FE8E300A18D08 /* AppDelegate.swift */ = {isa = PBXFileReference; lastKnownFileType = sourcecode.swift; path = AppDelegate.swift; sourceTree = "<group>"; };
		8F370F5D212FE8E300A18D08 /* MainPageViewController.swift */ = {isa = PBXFileReference; lastKnownFileType = sourcecode.swift; path = MainPageViewController.swift; sourceTree = "<group>"; };
		8F370F60212FE8E300A18D08 /* Base */ = {isa = PBXFileReference; lastKnownFileType = file.storyboard; name = Base; path = Base.lproj/Main.storyboard; sourceTree = "<group>"; };
		8F370F65212FE8E400A18D08 /* Base */ = {isa = PBXFileReference; lastKnownFileType = file.storyboard; name = Base; path = Base.lproj/LaunchScreen.storyboard; sourceTree = "<group>"; };
		8F370F67212FE8E400A18D08 /* Info.plist */ = {isa = PBXFileReference; lastKnownFileType = text.plist.xml; path = Info.plist; sourceTree = "<group>"; };
		8F370F6F212FF4F600A18D08 /* Images.xcassets */ = {isa = PBXFileReference; lastKnownFileType = folder.assetcatalog; path = Images.xcassets; sourceTree = "<group>"; };
		8F370F73213010D100A18D08 /* CataloguePageViewController.swift */ = {isa = PBXFileReference; lastKnownFileType = sourcecode.swift; path = CataloguePageViewController.swift; sourceTree = "<group>"; };
		8F370F75213010E300A18D08 /* MakeUpPageViewController.swift */ = {isa = PBXFileReference; lastKnownFileType = sourcecode.swift; path = MakeUpPageViewController.swift; sourceTree = "<group>"; };
		8F370F772130112500A18D08 /* DesignPageViewController.swift */ = {isa = PBXFileReference; lastKnownFileType = sourcecode.swift; path = DesignPageViewController.swift; sourceTree = "<group>"; };
		8F370F792130122100A18D08 /* DesignScene.scn */ = {isa = PBXFileReference; lastKnownFileType = file.bplist; path = DesignScene.scn; sourceTree = "<group>"; };
		8F370F7B2130177E00A18D08 /* MBPScene.sks */ = {isa = PBXFileReference; lastKnownFileType = file.sks; path = MBPScene.sks; sourceTree = "<group>"; };
		8F370F7F21301F2D00A18D08 /* PanelScene.sks */ = {isa = PBXFileReference; lastKnownFileType = file.sks; path = PanelScene.sks; sourceTree = "<group>"; };
		8F61E5F32133F18400B9AC55 /* GameScene.sks */ = {isa = PBXFileReference; lastKnownFileType = file.sks; path = GameScene.sks; sourceTree = "<group>"; };
		8FC6BE752135430E00014E71 /* GameScene.swift */ = {isa = PBXFileReference; lastKnownFileType = sourcecode.swift; path = GameScene.swift; sourceTree = "<group>"; };
		8FEA3EB2214BA1FF0081A1D5 /* MPBtestAR.xcodeproj */ = {isa = PBXFileReference; lastKnownFileType = "wrapper.pb-project"; name = MPBtestAR.xcodeproj; path = MPBtestAR/MPBtestAR.xcodeproj; sourceTree = "<group>"; };
/* End PBXFileReference section */

/* Begin PBXFrameworksBuildPhase section */
		8F370F55212FE8E300A18D08 /* Frameworks */ = {
			isa = PBXFrameworksBuildPhase;
			buildActionMask = 2147483647;
			files = (
			);
			runOnlyForDeploymentPostprocessing = 0;
		};
/* End PBXFrameworksBuildPhase section */

/* Begin PBXGroup section */
		8F370F4F212FE8E300A18D08 = {
			isa = PBXGroup;
			children = (
				8F370F5A212FE8E300A18D08 /* testMPB */,
				8F370F59212FE8E300A18D08 /* Products */,
			);
			sourceTree = "<group>";
		};
		8F370F59212FE8E300A18D08 /* Products */ = {
			isa = PBXGroup;
			children = (
				8F370F58212FE8E300A18D08 /* testMPB.app */,
			);
			name = Products;
			sourceTree = "<group>";
		};
		8F370F5A212FE8E300A18D08 /* testMPB */ = {
			isa = PBXGroup;
			children = (
				8FEA3EB2214BA1FF0081A1D5 /* MPBtestAR.xcodeproj */,
				8F370F7E21301E5C00A18D08 /* Scenes */,
				8F370F7D21301E3300A18D08 /* ViewControllers */,
				8F370F5F212FE8E300A18D08 /* Main.storyboard */,
				8F370F67212FE8E400A18D08 /* Info.plist */,
				8F370F5B212FE8E300A18D08 /* AppDelegate.swift */,
				8F370F64212FE8E400A18D08 /* LaunchScreen.storyboard */,
				8F370F6F212FF4F600A18D08 /* Images.xcassets */,
			);
			path = testMPB;
			sourceTree = "<group>";
		};
		8F370F7D21301E3300A18D08 /* ViewControllers */ = {
			isa = PBXGroup;
			children = (
				8F370F75213010E300A18D08 /* MakeUpPageViewController.swift */,
				8F370F772130112500A18D08 /* DesignPageViewController.swift */,
				8F370F73213010D100A18D08 /* CataloguePageViewController.swift */,
				8F370F5D212FE8E300A18D08 /* MainPageViewController.swift */,
			);
			path = ViewControllers;
			sourceTree = "<group>";
		};
		8F370F7E21301E5C00A18D08 /* Scenes */ = {
			isa = PBXGroup;
			children = (
				8F370F792130122100A18D08 /* DesignScene.scn */,
				8F370F7B2130177E00A18D08 /* MBPScene.sks */,
				8F61E5F32133F18400B9AC55 /* GameScene.sks */,
				8FC6BE752135430E00014E71 /* GameScene.swift */,
				8F370F7F21301F2D00A18D08 /* PanelScene.sks */,
			);
			path = Scenes;
			sourceTree = "<group>";
		};
		8FEA3EB3214BA1FF0081A1D5 /* Products */ = {
			isa = PBXGroup;
			children = (
				8FEA3EB9214BA2000081A1D5 /* MPBtestAR.app */,
				8FEA3EBB214BA2000081A1D5 /* MPBtestARTests.xctest */,
				8FEA3EBD214BA2000081A1D5 /* MPBtestARUITests.xctest */,
			);
			name = Products;
			sourceTree = "<group>";
		};
/* End PBXGroup section */

/* Begin PBXNativeTarget section */
		8F370F57212FE8E300A18D08 /* testMPB */ = {
			isa = PBXNativeTarget;
			buildConfigurationList = 8F370F6A212FE8E400A18D08 /* Build configuration list for PBXNativeTarget "testMPB" */;
			buildPhases = (
				8F370F54212FE8E300A18D08 /* Sources */,
				8F370F55212FE8E300A18D08 /* Frameworks */,
				8F370F56212FE8E300A18D08 /* Resources */,
			);
			buildRules = (
			);
			dependencies = (
			);
			name = testMPB;
			productName = testMPB;
			productReference = 8F370F58212FE8E300A18D08 /* testMPB.app */;
			productType = "com.apple.product-type.application";
		};
/* End PBXNativeTarget section */

/* Begin PBXProject section */
		8F370F50212FE8E300A18D08 /* Project object */ = {
			isa = PBXProject;
			attributes = {
				LastSwiftUpdateCheck = 0940;
				LastUpgradeCheck = 0940;
				ORGANIZATIONNAME = "Olga M. Kozhevnikova";
				TargetAttributes = {
					8F370F57212FE8E300A18D08 = {
						CreatedOnToolsVersion = 9.4.1;
					};
				};
			};
			buildConfigurationList = 8F370F53212FE8E300A18D08 /* Build configuration list for PBXProject "testMPB" */;
			compatibilityVersion = "Xcode 9.3";
			developmentRegion = en;
			hasScannedForEncodings = 0;
			knownRegions = (
				en,
				Base,
			);
			mainGroup = 8F370F4F212FE8E300A18D08;
			productRefGroup = 8F370F59212FE8E300A18D08 /* Products */;
			projectDirPath = "";
			projectReferences = (
				{
					ProductGroup = 8FEA3EB3214BA1FF0081A1D5 /* Products */;
					ProjectRef = 8FEA3EB2214BA1FF0081A1D5 /* MPBtestAR.xcodeproj */;
				},
			);
			projectRoot = "";
			targets = (
				8F370F57212FE8E300A18D08 /* testMPB */,
			);
		};
/* End PBXProject section */

/* Begin PBXReferenceProxy section */
		8FEA3EB9214BA2000081A1D5 /* MPBtestAR.app */ = {
			isa = PBXReferenceProxy;
			fileType = wrapper.application;
			path = MPBtestAR.app;
			remoteRef = 8FEA3EB8214BA2000081A1D5 /* PBXContainerItemProxy */;
			sourceTree = BUILT_PRODUCTS_DIR;
		};
		8FEA3EBB214BA2000081A1D5 /* MPBtestARTests.xctest */ = {
			isa = PBXReferenceProxy;
			fileType = wrapper.cfbundle;
			path = MPBtestARTests.xctest;
			remoteRef = 8FEA3EBA214BA2000081A1D5 /* PBXContainerItemProxy */;
			sourceTree = BUILT_PRODUCTS_DIR;
		};
		8FEA3EBD214BA2000081A1D5 /* MPBtestARUITests.xctest */ = {
			isa = PBXReferenceProxy;
			fileType = wrapper.cfbundle;
			path = MPBtestARUITests.xctest;
			remoteRef = 8FEA3EBC214BA2000081A1D5 /* PBXContainerItemProxy */;
			sourceTree = BUILT_PRODUCTS_DIR;
		};
/* End PBXReferenceProxy section */

/* Begin PBXResourcesBuildPhase section */
		8F370F56212FE8E300A18D08 /* Resources */ = {
			isa = PBXResourcesBuildPhase;
			buildActionMask = 2147483647;
			files = (
				8F370F7C2130177E00A18D08 /* MBPScene.sks in Resources */,
				8F370F8021301F2D00A18D08 /* PanelScene.sks in Resources */,
				8F370F70212FF4F600A18D08 /* Images.xcassets in Resources */,
				8F370F7A2130122100A18D08 /* DesignScene.scn in Resources */,
				8F61E5F42133F18400B9AC55 /* GameScene.sks in Resources */,
				8F370F66212FE8E400A18D08 /* LaunchScreen.storyboard in Resources */,
				8F370F61212FE8E300A18D08 /* Main.storyboard in Resources */,
			);
			runOnlyForDeploymentPostprocessing = 0;
		};
/* End PBXResourcesBuildPhase section */

/* Begin PBXSourcesBuildPhase section */
		8F370F54212FE8E300A18D08 /* Sources */ = {
			isa = PBXSourcesBuildPhase;
			buildActionMask = 2147483647;
			files = (
				8FC6BE762135430E00014E71 /* GameScene.swift in Sources */,
				8F370F5E212FE8E300A18D08 /* MainPageViewController.swift in Sources */,
				8F370F76213010E300A18D08 /* MakeUpPageViewController.swift in Sources */,
				8F370F782130112500A18D08 /* DesignPageViewController.swift in Sources */,
				8F370F5C212FE8E300A18D08 /* AppDelegate.swift in Sources */,
				8F370F74213010D100A18D08 /* CataloguePageViewController.swift in Sources */,
			);
			runOnlyForDeploymentPostprocessing = 0;
		};
/* End PBXSourcesBuildPhase section */

/* Begin PBXVariantGroup section */
		8F370F5F212FE8E300A18D08 /* Main.storyboard */ = {
			isa = PBXVariantGroup;
			children = (
				8F370F60212FE8E300A18D08 /* Base */,
			);
			name = Main.storyboard;
			sourceTree = "<group>";
		};
		8F370F64212FE8E400A18D08 /* LaunchScreen.storyboard */ = {
			isa = PBXVariantGroup;
			children = (
				8F370F65212FE8E400A18D08 /* Base */,
			);
			name = LaunchScreen.storyboard;
			sourceTree = "<group>";
		};
/* End PBXVariantGroup section */

/* Begin XCBuildConfiguration section */
		8F370F68212FE8E400A18D08 /* Debug */ = {
			isa = XCBuildConfiguration;
			buildSettings = {
				ALWAYS_SEARCH_USER_PATHS = NO;
				CLANG_ANALYZER_NONNULL = YES;
				CLANG_ANALYZER_NUMBER_OBJECT_CONVERSION = YES_AGGRESSIVE;
				CLANG_CXX_LANGUAGE_STANDARD = "gnu++14";
				CLANG_CXX_LIBRARY = "libc++";
				CLANG_ENABLE_MODULES = YES;
				CLANG_ENABLE_OBJC_ARC = YES;
				CLANG_ENABLE_OBJC_WEAK = YES;
				CLANG_WARN_BLOCK_CAPTURE_AUTORELEASING = YES;
				CLANG_WARN_BOOL_CONVERSION = YES;
				CLANG_WARN_COMMA = YES;
				CLANG_WARN_CONSTANT_CONVERSION = YES;
				CLANG_WARN_DEPRECATED_OBJC_IMPLEMENTATIONS = YES;
				CLANG_WARN_DIRECT_OBJC_ISA_USAGE = YES_ERROR;
				CLANG_WARN_DOCUMENTATION_COMMENTS = YES;
				CLANG_WARN_EMPTY_BODY = YES;
				CLANG_WARN_ENUM_CONVERSION = YES;
				CLANG_WARN_INFINITE_RECURSION = YES;
				CLANG_WARN_INT_CONVERSION = YES;
				CLANG_WARN_NON_LITERAL_NULL_CONVERSION = YES;
				CLANG_WARN_OBJC_IMPLICIT_RETAIN_SELF = YES;
				CLANG_WARN_OBJC_LITERAL_CONVERSION = YES;
				CLANG_WARN_OBJC_ROOT_CLASS = YES_ERROR;
				CLANG_WARN_RANGE_LOOP_ANALYSIS = YES;
				CLANG_WARN_STRICT_PROTOTYPES = YES;
				CLANG_WARN_SUSPICIOUS_MOVE = YES;
				CLANG_WARN_UNGUARDED_AVAILABILITY = YES_AGGRESSIVE;
				CLANG_WARN_UNREACHABLE_CODE = YES;
				CLANG_WARN__DUPLICATE_METHOD_MATCH = YES;
				CODE_SIGN_IDENTITY = "iPhone Developer";
				COPY_PHASE_STRIP = NO;
				DEBUG_INFORMATION_FORMAT = dwarf;
				ENABLE_STRICT_OBJC_MSGSEND = YES;
				ENABLE_TESTABILITY = YES;
				GCC_C_LANGUAGE_STANDARD = gnu11;
				GCC_DYNAMIC_NO_PIC = NO;
				GCC_NO_COMMON_BLOCKS = YES;
				GCC_OPTIMIZATION_LEVEL = 0;
				GCC_PREPROCESSOR_DEFINITIONS = (
					"DEBUG=1",
					"$(inherited)",
				);
				GCC_WARN_64_TO_32_BIT_CONVERSION = YES;
				GCC_WARN_ABOUT_RETURN_TYPE = YES_ERROR;
				GCC_WARN_UNDECLARED_SELECTOR = YES;
				GCC_WARN_UNINITIALIZED_AUTOS = YES_AGGRESSIVE;
				GCC_WARN_UNUSED_FUNCTION = YES;
				GCC_WARN_UNUSED_VARIABLE = YES;
				IPHONEOS_DEPLOYMENT_TARGET = 11.4;
				MTL_ENABLE_DEBUG_INFO = YES;
				ONLY_ACTIVE_ARCH = YES;
				SDKROOT = iphoneos;
				SWIFT_ACTIVE_COMPILATION_CONDITIONS = DEBUG;
				SWIFT_OPTIMIZATION_LEVEL = "-Onone";
			};
			name = Debug;
		};
		8F370F69212FE8E400A18D08 /* Release */ = {
			isa = XCBuildConfiguration;
			buildSettings = {
				ALWAYS_SEARCH_USER_PATHS = NO;
				CLANG_ANALYZER_NONNULL = YES;
				CLANG_ANALYZER_NUMBER_OBJECT_CONVERSION = YES_AGGRESSIVE;
				CLANG_CXX_LANGUAGE_STANDARD = "gnu++14";
				CLANG_CXX_LIBRARY = "libc++";
				CLANG_ENABLE_MODULES = YES;
				CLANG_ENABLE_OBJC_ARC = YES;
				CLANG_ENABLE_OBJC_WEAK = YES;
				CLANG_WARN_BLOCK_CAPTURE_AUTORELEASING = YES;
				CLANG_WARN_BOOL_CONVERSION = YES;
				CLANG_WARN_COMMA = YES;
				CLANG_WARN_CONSTANT_CONVERSION = YES;
				CLANG_WARN_DEPRECATED_OBJC_IMPLEMENTATIONS = YES;
				CLANG_WARN_DIRECT_OBJC_ISA_USAGE = YES_ERROR;
				CLANG_WARN_DOCUMENTATION_COMMENTS = YES;
				CLANG_WARN_EMPTY_BODY = YES;
				CLANG_WARN_ENUM_CONVERSION = YES;
				CLANG_WARN_INFINITE_RECURSION = YES;
				CLANG_WARN_INT_CONVERSION = YES;
				CLANG_WARN_NON_LITERAL_NULL_CONVERSION = YES;
				CLANG_WARN_OBJC_IMPLICIT_RETAIN_SELF = YES;
				CLANG_WARN_OBJC_LITERAL_CONVERSION = YES;
				CLANG_WARN_OBJC_ROOT_CLASS = YES_ERROR;
				CLANG_WARN_RANGE_LOOP_ANALYSIS = YES;
				CLANG_WARN_STRICT_PROTOTYPES = YES;
				CLANG_WARN_SUSPICIOUS_MOVE = YES;
				CLANG_WARN_UNGUARDED_AVAILABILITY = YES_AGGRESSIVE;
				CLANG_WARN_UNREACHABLE_CODE = YES;
				CLANG_WARN__DUPLICATE_METHOD_MATCH = YES;
				CODE_SIGN_IDENTITY = "iPhone Developer";
				COPY_PHASE_STRIP = NO;
				DEBUG_INFORMATION_FORMAT = "dwarf-with-dsym";
				ENABLE_NS_ASSERTIONS = NO;
				ENABLE_STRICT_OBJC_MSGSEND = YES;
				GCC_C_LANGUAGE_STANDARD = gnu11;
				GCC_NO_COMMON_BLOCKS = YES;
				GCC_WARN_64_TO_32_BIT_CONVERSION = YES;
				GCC_WARN_ABOUT_RETURN_TYPE = YES_ERROR;
				GCC_WARN_UNDECLARED_SELECTOR = YES;
				GCC_WARN_UNINITIALIZED_AUTOS = YES_AGGRESSIVE;
				GCC_WARN_UNUSED_FUNCTION = YES;
				GCC_WARN_UNUSED_VARIABLE = YES;
				IPHONEOS_DEPLOYMENT_TARGET = 11.4;
				MTL_ENABLE_DEBUG_INFO = NO;
				SDKROOT = iphoneos;
				SWIFT_COMPILATION_MODE = wholemodule;
				SWIFT_OPTIMIZATION_LEVEL = "-O";
				VALIDATE_PRODUCT = YES;
			};
			name = Release;
		};
		8F370F6B212FE8E400A18D08 /* Debug */ = {
			isa = XCBuildConfiguration;
			buildSettings = {
				ASSETCATALOG_COMPILER_APPICON_NAME = AppIcon;
				CODE_SIGN_STYLE = Automatic;
				DEVELOPMENT_TEAM = 489RDBTTN3;
				INFOPLIST_FILE = testMPB/Info.plist;
				LD_RUNPATH_SEARCH_PATHS = (
					"$(inherited)",
					"@executable_path/Frameworks",
				);
				PRODUCT_BUNDLE_IDENTIFIER = dk.Olga.testMPB;
				PRODUCT_NAME = "$(TARGET_NAME)";
				SWIFT_VERSION = 4.0;
				TARGETED_DEVICE_FAMILY = "1,2";
			};
			name = Debug;
		};
		8F370F6C212FE8E400A18D08 /* Release */ = {
			isa = XCBuildConfiguration;
			buildSettings = {
				ASSETCATALOG_COMPILER_APPICON_NAME = AppIcon;
				CODE_SIGN_STYLE = Automatic;
				DEVELOPMENT_TEAM = 489RDBTTN3;
				INFOPLIST_FILE = testMPB/Info.plist;
				LD_RUNPATH_SEARCH_PATHS = (
					"$(inherited)",
					"@executable_path/Frameworks",
				);
				PRODUCT_BUNDLE_IDENTIFIER = dk.Olga.testMPB;
				PRODUCT_NAME = "$(TARGET_NAME)";
				SWIFT_VERSION = 4.0;
				TARGETED_DEVICE_FAMILY = "1,2";
			};
			name = Release;
		};
/* End XCBuildConfiguration section */

/* Begin XCConfigurationList section */
		8F370F53212FE8E300A18D08 /* Build configuration list for PBXProject "testMPB" */ = {
			isa = XCConfigurationList;
			buildConfigurations = (
				8F370F68212FE8E400A18D08 /* Debug */,
				8F370F69212FE8E400A18D08 /* Release */,
			);
			defaultConfigurationIsVisible = 0;
			defaultConfigurationName = Release;
		};
		8F370F6A212FE8E400A18D08 /* Build configuration list for PBXNativeTarget "testMPB" */ = {
			isa = XCConfigurationList;
			buildConfigurations = (
				8F370F6B212FE8E400A18D08 /* Debug */,
				8F370F6C212FE8E400A18D08 /* Release */,
			);
			defaultConfigurationIsVisible = 0;
			defaultConfigurationName = Release;
		};
/* End XCConfigurationList section */
	};
	rootObject = 8F370F50212FE8E300A18D08 /* Project object */;
}
